name: Workitems archive lock

on:
  push:
    paths:
      - 'workitems/**'
  pull_request:
    paths:
      - 'workitems/**'

# A later commit for the same PR/ref supersedes this metadata-only guard.
concurrency:
  group: workitems-lock-${{ github.event.pull_request.number || github.ref }}
  cancel-in-progress: true

jobs:
  check:
    name: No new workitem files
    runs-on: ubuntu-latest
    steps:
      - uses: actions/checkout@d23441a48e516b6c34aea4fa41551a30e30af803 # v6
        with:
          fetch-depth: 2

      - name: Reject new files outside _archive and _templates
        run: |
          # On push, compare to previous commit; on PR compare to base
          if [ "${{ github.event_name }}" = "pull_request" ]; then
            BASE=${{ github.event.pull_request.base.sha }}
          else
            BASE=HEAD~1
          fi

          NEW=$(git diff --name-only --diff-filter=A "$BASE" HEAD \
            -- 'workitems/**/*.md' \
            | grep -v '^workitems/_archive/' \
            | grep -v '^workitems/_templates/' \
            || true)

          if [ -n "$NEW" ]; then
            echo "::error::New files in workitems/ are not allowed after GitHub Issues migration."
            echo "Create a GitHub Issue instead: https://github.com/rcarmo/piclaw/issues/new/choose"
            echo ""
            echo "Rejected files:"
            echo "$NEW"
            exit 1
          fi

          echo "No new workitem files — OK."
